
Microsoft Visual Studio Solution File, Format Version 12.00
# Visual Studio 15
VisualStudioVersion = 15.0.27130.2027
MinimumVisualStudioVersion = 10.0.40219.1
Project("{FAE04EC0-301F-11D3-BF4B-00C04F79EFBC}") = "_4H_Application.Android", "4H Application\_4H_Application.Android\_4H_Application.Android.csproj", "{0B5C70FE-7950-48DC-9CB6-B9F1C4664029}"
EndProject
Project("{FAE04EC0-301F-11D3-BF4B-00C04F79EFBC}") = "_4H_Application", "4H Application\_4H_Application\_4H_Application.csproj", "{D9A4FC2E-8DF2-48A0-BA6E-BB15B4F3B32B}"
EndProject
Project("{FAE04EC0-301F-11D3-BF4B-00C04F79EFBC}") = "_4H_Application.iOS", "4H Application\_4H_Application.iOS\_4H_Application.iOS.csproj", "{9B0798FC-66B1-407F-BAA8-7EAC84755E08}"
EndProject
Project("{FAE04EC0-301F-11D3-BF4B-00C04F79EFBC}") = "_4H_Application_ModelTest", "_4h_Application_ModelTest\_4H_Application_ModelTest.csproj", "{7DEF83A8-126D-4F31-B42E-8A388681E866}"
EndProject
Project("{FAE04EC0-301F-11D3-BF4B-00C04F79EFBC}") = "_4H_Application_UITest", "_4H_Application_UITest\_4H_Application_UITest.csproj", "{7BC39A04-0F88-45FC-ADB6-5BFBE02AF523}"
EndProject
Project("{D954291E-2A0B-460D-934E-DC6B0785DB48}") = "PdfSharp.Shared", "PdfSharp.Xamarin\Library\PdfSharp.Shared\PdfSharp.Shared.shproj", "{4592FAD8-E770-46C3-8749-BC615A29C775}"
EndProject
Project("{FAE04EC0-301F-11D3-BF4B-00C04F79EFBC}") = "PdfSharp.PCL", "PdfSharp.Xamarin\Library\PdfSharp.PCL\PdfSharp.PCL.csproj", "{868732C3-F2BF-44E4-8B16-B2654CFF7792}"
EndProject
Project("{FAE04EC0-301F-11D3-BF4B-00C04F79EFBC}") = "PdfSharp.iOS", "PdfSharp.Xamarin\Library\PdfSharp.iOS\PdfSharp.iOS.csproj", "{AA510EA8-884D-4D0D-A9EC-D034651E133C}"
EndProject
Project("{FAE04EC0-301F-11D3-BF4B-00C04F79EFBC}") = "PdfSharp.Droid", "PdfSharp.Xamarin\Library\PdfSharp.Droid\PdfSharp.Droid.csproj", "{F5F8D409-71B2-4E01-9313-19CBDF3D07FB}"
EndProject
Global
	GlobalSection(SharedMSBuildProjectFiles) = preSolution
		PdfSharp.Xamarin\Library\PdfSharp.Shared\PdfSharp.Shared.projitems*{4592fad8-e770-46c3-8749-bc615a29c775}*SharedItemsImports = 13
		PdfSharp.Xamarin\Library\PdfSharp.Shared\PdfSharp.Shared.projitems*{868732c3-f2bf-44e4-8b16-b2654cff7792}*SharedItemsImports = 4
		PdfSharp.Xamarin\Library\PdfSharp.Shared\PdfSharp.Shared.projitems*{aa510ea8-884d-4d0d-a9ec-d034651e133c}*SharedItemsImports = 4
		PdfSharp.Xamarin\Library\PdfSharp.Shared\PdfSharp.Shared.projitems*{f5f8d409-71b2-4e01-9313-19cbdf3d07fb}*SharedItemsImports = 4
	EndGlobalSection
	GlobalSection(SolutionConfigurationPlatforms) = preSolution
		Ad-Hoc|Any CPU = Ad-Hoc|Any CPU
		Ad-Hoc|ARM = Ad-Hoc|ARM
		Ad-Hoc|iPhone = Ad-Hoc|iPhone
		Ad-Hoc|iPhoneSimulator = Ad-Hoc|iPhoneSimulator
		Ad-Hoc|x64 = Ad-Hoc|x64
		Ad-Hoc|x86 = Ad-Hoc|x86
		AppStore|Any CPU = AppStore|Any CPU
		AppStore|ARM = AppStore|ARM
		AppStore|iPhone = AppStore|iPhone
		AppStore|iPhoneSimulator = AppStore|iPhoneSimulator
		AppStore|x64 = AppStore|x64
		AppStore|x86 = AppStore|x86
		Debug|Any CPU = Debug|Any CPU
		Debug|ARM = Debug|ARM
		Debug|iPhone = Debug|iPhone
		Debug|iPhoneSimulator = Debug|iPhoneSimulator
		Debug|x64 = Debug|x64
		Debug|x86 = Debug|x86
		Release|Any CPU = Release|Any CPU
		Release|ARM = Release|ARM
		Release|iPhone = Release|iPhone
		Release|iPhoneSimulator = Release|iPhoneSimulator
		Release|x64 = Release|x64
		Release|x86 = Release|x86
	EndGlobalSection
	GlobalSection(ProjectConfigurationPlatforms) = postSolution
		{0B5C70FE-7950-48DC-9CB6-B9F1C4664029}.Ad-Hoc|Any CPU.ActiveCfg = Release|Any CPU
		{0B5C70FE-7950-48DC-9CB6-B9F1C4664029}.Ad-Hoc|Any CPU.Build.0 = Release|Any CPU
		{0B5C70FE-7950-48DC-9CB6-B9F1C4664029}.Ad-Hoc|Any CPU.Deploy.0 = Release|Any CPU
		{0B5C70FE-7950-48DC-9CB6-B9F1C4664029}.Ad-Hoc|ARM.ActiveCfg = Debug|Any CPU
		{0B5C70FE-7950-48DC-9CB6-B9F1C4664029}.Ad-Hoc|ARM.Build.0 = Debug|Any CPU
		{0B5C70FE-7950-48DC-9CB6-B9F1C4664029}.Ad-Hoc|ARM.Deploy.0 = Debug|Any CPU
		{0B5C70FE-7950-48DC-9CB6-B9F1C4664029}.Ad-Hoc|iPhone.ActiveCfg = Release|Any CPU
		{0B5C70FE-7950-48DC-9CB6-B9F1C4664029}.Ad-Hoc|iPhone.Build.0 = Release|Any CPU
		{0B5C70FE-7950-48DC-9CB6-B9F1C4664029}.Ad-Hoc|iPhone.Deploy.0 = Release|Any CPU
		{0B5C70FE-7950-48DC-9CB6-B9F1C4664029}.Ad-Hoc|iPhoneSimulator.ActiveCfg = Release|Any CPU
		{0B5C70FE-7950-48DC-9CB6-B9F1C4664029}.Ad-Hoc|iPhoneSimulator.Build.0 = Release|Any CPU
		{0B5C70FE-7950-48DC-9CB6-B9F1C4664029}.Ad-Hoc|iPhoneSimulator.Deploy.0 = Release|Any CPU
		{0B5C70FE-7950-48DC-9CB6-B9F1C4664029}.Ad-Hoc|x64.ActiveCfg = Release|x64
		{0B5C70FE-7950-48DC-9CB6-B9F1C4664029}.Ad-Hoc|x64.Build.0 = Release|x64
		{0B5C70FE-7950-48DC-9CB6-B9F1C4664029}.Ad-Hoc|x64.Deploy.0 = Release|x64
		{0B5C70FE-7950-48DC-9CB6-B9F1C4664029}.Ad-Hoc|x86.ActiveCfg = Debug|Any CPU
		{0B5C70FE-7950-48DC-9CB6-B9F1C4664029}.Ad-Hoc|x86.Build.0 = Debug|Any CPU
		{0B5C70FE-7950-48DC-9CB6-B9F1C4664029}.Ad-Hoc|x86.Deploy.0 = Debug|Any CPU
		{0B5C70FE-7950-48DC-9CB6-B9F1C4664029}.AppStore|Any CPU.ActiveCfg = Release|Any CPU
		{0B5C70FE-7950-48DC-9CB6-B9F1C4664029}.AppStore|Any CPU.Build.0 = Release|Any CPU
		{0B5C70FE-7950-48DC-9CB6-B9F1C4664029}.AppStore|Any CPU.Deploy.0 = Release|Any CPU
		{0B5C70FE-7950-48DC-9CB6-B9F1C4664029}.AppStore|ARM.ActiveCfg = Debug|Any CPU
		{0B5C70FE-7950-48DC-9CB6-B9F1C4664029}.AppStore|ARM.Build.0 = Debug|Any CPU
		{0B5C70FE-7950-48DC-9CB6-B9F1C4664029}.AppStore|ARM.Deploy.0 = Debug|Any CPU
		{0B5C70FE-7950-48DC-9CB6-B9F1C4664029}.AppStore|iPhone.ActiveCfg = Release|Any CPU
		{0B5C70FE-7950-48DC-9CB6-B9F1C4664029}.AppStore|iPhone.Build.0 = Release|Any CPU
		{0B5C70FE-7950-48DC-9CB6-B9F1C4664029}.AppStore|iPhone.Deploy.0 = Release|Any CPU
		{0B5C70FE-7950-48DC-9CB6-B9F1C4664029}.AppStore|iPhoneSimulator.ActiveCfg = Release|Any CPU
		{0B5C70FE-7950-48DC-9CB6-B9F1C4664029}.AppStore|iPhoneSimulator.Build.0 = Release|Any CPU
		{0B5C70FE-7950-48DC-9CB6-B9F1C4664029}.AppStore|iPhoneSimulator.Deploy.0 = Release|Any CPU
		{0B5C70FE-7950-48DC-9CB6-B9F1C4664029}.AppStore|x64.ActiveCfg = Release|x64
		{0B5C70FE-7950-48DC-9CB6-B9F1C4664029}.AppStore|x64.Build.0 = Release|x64
		{0B5C70FE-7950-48DC-9CB6-B9F1C4664029}.AppStore|x64.Deploy.0 = Release|x64
		{0B5C70FE-7950-48DC-9CB6-B9F1C4664029}.AppStore|x86.ActiveCfg = Debug|Any CPU
		{0B5C70FE-7950-48DC-9CB6-B9F1C4664029}.AppStore|x86.Build.0 = Debug|Any CPU
		{0B5C70FE-7950-48DC-9CB6-B9F1C4664029}.AppStore|x86.Deploy.0 = Debug|Any CPU
		{0B5C70FE-7950-48DC-9CB6-B9F1C4664029}.Debug|Any CPU.ActiveCfg = Debug|Any CPU
		{0B5C70FE-7950-48DC-9CB6-B9F1C4664029}.Debug|Any CPU.Build.0 = Debug|Any CPU
		{0B5C70FE-7950-48DC-9CB6-B9F1C4664029}.Debug|Any CPU.Deploy.0 = Debug|Any CPU
		{0B5C70FE-7950-48DC-9CB6-B9F1C4664029}.Debug|ARM.ActiveCfg = Debug|Any CPU
		{0B5C70FE-7950-48DC-9CB6-B9F1C4664029}.Debug|ARM.Build.0 = Debug|Any CPU
		{0B5C70FE-7950-48DC-9CB6-B9F1C4664029}.Debug|ARM.Deploy.0 = Debug|Any CPU
		{0B5C70FE-7950-48DC-9CB6-B9F1C4664029}.Debug|iPhone.ActiveCfg = Debug|Any CPU
		{0B5C70FE-7950-48DC-9CB6-B9F1C4664029}.Debug|iPhone.Build.0 = Debug|Any CPU
		{0B5C70FE-7950-48DC-9CB6-B9F1C4664029}.Debug|iPhone.Deploy.0 = Debug|Any CPU
		{0B5C70FE-7950-48DC-9CB6-B9F1C4664029}.Debug|iPhoneSimulator.ActiveCfg = Debug|Any CPU
		{0B5C70FE-7950-48DC-9CB6-B9F1C4664029}.Debug|iPhoneSimulator.Build.0 = Debug|Any CPU
		{0B5C70FE-7950-48DC-9CB6-B9F1C4664029}.Debug|iPhoneSimulator.Deploy.0 = Debug|Any CPU
		{0B5C70FE-7950-48DC-9CB6-B9F1C4664029}.Debug|x64.ActiveCfg = Debug|x64
		{0B5C70FE-7950-48DC-9CB6-B9F1C4664029}.Debug|x64.Build.0 = Debug|x64
		{0B5C70FE-7950-48DC-9CB6-B9F1C4664029}.Debug|x64.Deploy.0 = Debug|x64
		{0B5C70FE-7950-48DC-9CB6-B9F1C4664029}.Debug|x86.ActiveCfg = Debug|Any CPU
		{0B5C70FE-7950-48DC-9CB6-B9F1C4664029}.Debug|x86.Build.0 = Debug|Any CPU
		{0B5C70FE-7950-48DC-9CB6-B9F1C4664029}.Debug|x86.Deploy.0 = Debug|Any CPU
		{0B5C70FE-7950-48DC-9CB6-B9F1C4664029}.Release|Any CPU.ActiveCfg = Release|Any CPU
		{0B5C70FE-7950-48DC-9CB6-B9F1C4664029}.Release|Any CPU.Build.0 = Release|Any CPU
		{0B5C70FE-7950-48DC-9CB6-B9F1C4664029}.Release|Any CPU.Deploy.0 = Release|Any CPU
		{0B5C70FE-7950-48DC-9CB6-B9F1C4664029}.Release|ARM.ActiveCfg = Release|Any CPU
		{0B5C70FE-7950-48DC-9CB6-B9F1C4664029}.Release|ARM.Build.0 = Release|Any CPU
		{0B5C70FE-7950-48DC-9CB6-B9F1C4664029}.Release|ARM.Deploy.0 = Release|Any CPU
		{0B5C70FE-7950-48DC-9CB6-B9F1C4664029}.Release|iPhone.ActiveCfg = Release|Any CPU
		{0B5C70FE-7950-48DC-9CB6-B9F1C4664029}.Release|iPhone.Build.0 = Release|Any CPU
		{0B5C70FE-7950-48DC-9CB6-B9F1C4664029}.Release|iPhone.Deploy.0 = Release|Any CPU
		{0B5C70FE-7950-48DC-9CB6-B9F1C4664029}.Release|iPhoneSimulator.ActiveCfg = Release|Any CPU
		{0B5C70FE-7950-48DC-9CB6-B9F1C4664029}.Release|iPhoneSimulator.Build.0 = Release|Any CPU
		{0B5C70FE-7950-48DC-9CB6-B9F1C4664029}.Release|iPhoneSimulator.Deploy.0 = Release|Any CPU
		{0B5C70FE-7950-48DC-9CB6-B9F1C4664029}.Release|x64.ActiveCfg = Release|x64
		{0B5C70FE-7950-48DC-9CB6-B9F1C4664029}.Release|x64.Build.0 = Release|x64
		{0B5C70FE-7950-48DC-9CB6-B9F1C4664029}.Release|x64.Deploy.0 = Release|x64
		{0B5C70FE-7950-48DC-9CB6-B9F1C4664029}.Release|x86.ActiveCfg = Release|Any CPU
		{0B5C70FE-7950-48DC-9CB6-B9F1C4664029}.Release|x86.Build.0 = Release|Any CPU
		{0B5C70FE-7950-48DC-9CB6-B9F1C4664029}.Release|x86.Deploy.0 = Release|Any CPU
		{D9A4FC2E-8DF2-48A0-BA6E-BB15B4F3B32B}.Ad-Hoc|Any CPU.ActiveCfg = Release|Any CPU
		{D9A4FC2E-8DF2-48A0-BA6E-BB15B4F3B32B}.Ad-Hoc|Any CPU.Build.0 = Release|Any CPU
		{D9A4FC2E-8DF2-48A0-BA6E-BB15B4F3B32B}.Ad-Hoc|ARM.ActiveCfg = Debug|Any CPU
		{D9A4FC2E-8DF2-48A0-BA6E-BB15B4F3B32B}.Ad-Hoc|ARM.Build.0 = Debug|Any CPU
		{D9A4FC2E-8DF2-48A0-BA6E-BB15B4F3B32B}.Ad-Hoc|iPhone.ActiveCfg = Release|Any CPU
		{D9A4FC2E-8DF2-48A0-BA6E-BB15B4F3B32B}.Ad-Hoc|iPhone.Build.0 = Release|Any CPU
		{D9A4FC2E-8DF2-48A0-BA6E-BB15B4F3B32B}.Ad-Hoc|iPhoneSimulator.ActiveCfg = Release|Any CPU
		{D9A4FC2E-8DF2-48A0-BA6E-BB15B4F3B32B}.Ad-Hoc|iPhoneSimulator.Build.0 = Release|Any CPU
		{D9A4FC2E-8DF2-48A0-BA6E-BB15B4F3B32B}.Ad-Hoc|x64.ActiveCfg = Debug|Any CPU
		{D9A4FC2E-8DF2-48A0-BA6E-BB15B4F3B32B}.Ad-Hoc|x64.Build.0 = Debug|Any CPU
		{D9A4FC2E-8DF2-48A0-BA6E-BB15B4F3B32B}.Ad-Hoc|x86.ActiveCfg = Debug|Any CPU
		{D9A4FC2E-8DF2-48A0-BA6E-BB15B4F3B32B}.Ad-Hoc|x86.Build.0 = Debug|Any CPU
		{D9A4FC2E-8DF2-48A0-BA6E-BB15B4F3B32B}.AppStore|Any CPU.ActiveCfg = Release|Any CPU
		{D9A4FC2E-8DF2-48A0-BA6E-BB15B4F3B32B}.AppStore|Any CPU.Build.0 = Release|Any CPU
		{D9A4FC2E-8DF2-48A0-BA6E-BB15B4F3B32B}.AppStore|ARM.ActiveCfg = Debug|Any CPU
		{D9A4FC2E-8DF2-48A0-BA6E-BB15B4F3B32B}.AppStore|ARM.Build.0 = Debug|Any CPU
		{D9A4FC2E-8DF2-48A0-BA6E-BB15B4F3B32B}.AppStore|iPhone.ActiveCfg = Release|Any CPU
		{D9A4FC2E-8DF2-48A0-BA6E-BB15B4F3B32B}.AppStore|iPhone.Build.0 = Release|Any CPU
		{D9A4FC2E-8DF2-48A0-BA6E-BB15B4F3B32B}.AppStore|iPhoneSimulator.ActiveCfg = Release|Any CPU
		{D9A4FC2E-8DF2-48A0-BA6E-BB15B4F3B32B}.AppStore|iPhoneSimulator.Build.0 = Release|Any CPU
		{D9A4FC2E-8DF2-48A0-BA6E-BB15B4F3B32B}.AppStore|x64.ActiveCfg = Debug|Any CPU
		{D9A4FC2E-8DF2-48A0-BA6E-BB15B4F3B32B}.AppStore|x64.Build.0 = Debug|Any CPU
		{D9A4FC2E-8DF2-48A0-BA6E-BB15B4F3B32B}.AppStore|x86.ActiveCfg = Debug|Any CPU
		{D9A4FC2E-8DF2-48A0-BA6E-BB15B4F3B32B}.AppStore|x86.Build.0 = Debug|Any CPU
		{D9A4FC2E-8DF2-48A0-BA6E-BB15B4F3B32B}.Debug|Any CPU.ActiveCfg = Debug|Any CPU
		{D9A4FC2E-8DF2-48A0-BA6E-BB15B4F3B32B}.Debug|Any CPU.Build.0 = Debug|Any CPU
		{D9A4FC2E-8DF2-48A0-BA6E-BB15B4F3B32B}.Debug|ARM.ActiveCfg = Debug|Any CPU
		{D9A4FC2E-8DF2-48A0-BA6E-BB15B4F3B32B}.Debug|ARM.Build.0 = Debug|Any CPU
		{D9A4FC2E-8DF2-48A0-BA6E-BB15B4F3B32B}.Debug|iPhone.ActiveCfg = Debug|Any CPU
		{D9A4FC2E-8DF2-48A0-BA6E-BB15B4F3B32B}.Debug|iPhone.Build.0 = Debug|Any CPU
		{D9A4FC2E-8DF2-48A0-BA6E-BB15B4F3B32B}.Debug|iPhoneSimulator.ActiveCfg = Debug|Any CPU
		{D9A4FC2E-8DF2-48A0-BA6E-BB15B4F3B32B}.Debug|iPhoneSimulator.Build.0 = Debug|Any CPU
		{D9A4FC2E-8DF2-48A0-BA6E-BB15B4F3B32B}.Debug|x64.ActiveCfg = Debug|Any CPU
		{D9A4FC2E-8DF2-48A0-BA6E-BB15B4F3B32B}.Debug|x64.Build.0 = Debug|Any CPU
		{D9A4FC2E-8DF2-48A0-BA6E-BB15B4F3B32B}.Debug|x86.ActiveCfg = Debug|Any CPU
		{D9A4FC2E-8DF2-48A0-BA6E-BB15B4F3B32B}.Debug|x86.Build.0 = Debug|Any CPU
		{D9A4FC2E-8DF2-48A0-BA6E-BB15B4F3B32B}.Release|Any CPU.ActiveCfg = Release|Any CPU
		{D9A4FC2E-8DF2-48A0-BA6E-BB15B4F3B32B}.Release|Any CPU.Build.0 = Release|Any CPU
		{D9A4FC2E-8DF2-48A0-BA6E-BB15B4F3B32B}.Release|ARM.ActiveCfg = Release|Any CPU
		{D9A4FC2E-8DF2-48A0-BA6E-BB15B4F3B32B}.Release|ARM.Build.0 = Release|Any CPU
		{D9A4FC2E-8DF2-48A0-BA6E-BB15B4F3B32B}.Release|iPhone.ActiveCfg = Release|Any CPU
		{D9A4FC2E-8DF2-48A0-BA6E-BB15B4F3B32B}.Release|iPhone.Build.0 = Release|Any CPU
		{D9A4FC2E-8DF2-48A0-BA6E-BB15B4F3B32B}.Release|iPhoneSimulator.ActiveCfg = Release|Any CPU
		{D9A4FC2E-8DF2-48A0-BA6E-BB15B4F3B32B}.Release|iPhoneSimulator.Build.0 = Release|Any CPU
		{D9A4FC2E-8DF2-48A0-BA6E-BB15B4F3B32B}.Release|x64.ActiveCfg = Release|Any CPU
		{D9A4FC2E-8DF2-48A0-BA6E-BB15B4F3B32B}.Release|x64.Build.0 = Release|Any CPU
		{D9A4FC2E-8DF2-48A0-BA6E-BB15B4F3B32B}.Release|x86.ActiveCfg = Release|Any CPU
		{D9A4FC2E-8DF2-48A0-BA6E-BB15B4F3B32B}.Release|x86.Build.0 = Release|Any CPU
		{9B0798FC-66B1-407F-BAA8-7EAC84755E08}.Ad-Hoc|Any CPU.ActiveCfg = Ad-Hoc|iPhone
		{9B0798FC-66B1-407F-BAA8-7EAC84755E08}.Ad-Hoc|ARM.ActiveCfg = Ad-Hoc|iPhoneSimulator
		{9B0798FC-66B1-407F-BAA8-7EAC84755E08}.Ad-Hoc|iPhone.ActiveCfg = Ad-Hoc|iPhone
		{9B0798FC-66B1-407F-BAA8-7EAC84755E08}.Ad-Hoc|iPhone.Build.0 = Ad-Hoc|iPhone
		{9B0798FC-66B1-407F-BAA8-7EAC84755E08}.Ad-Hoc|iPhoneSimulator.ActiveCfg = Ad-Hoc|iPhoneSimulator
		{9B0798FC-66B1-407F-BAA8-7EAC84755E08}.Ad-Hoc|iPhoneSimulator.Build.0 = Ad-Hoc|iPhoneSimulator
		{9B0798FC-66B1-407F-BAA8-7EAC84755E08}.Ad-Hoc|x64.ActiveCfg = Ad-Hoc|iPhoneSimulator
		{9B0798FC-66B1-407F-BAA8-7EAC84755E08}.Ad-Hoc|x86.ActiveCfg = Ad-Hoc|iPhoneSimulator
		{9B0798FC-66B1-407F-BAA8-7EAC84755E08}.AppStore|Any CPU.ActiveCfg = AppStore|iPhone
		{9B0798FC-66B1-407F-BAA8-7EAC84755E08}.AppStore|ARM.ActiveCfg = AppStore|iPhoneSimulator
		{9B0798FC-66B1-407F-BAA8-7EAC84755E08}.AppStore|iPhone.ActiveCfg = AppStore|iPhone
		{9B0798FC-66B1-407F-BAA8-7EAC84755E08}.AppStore|iPhone.Build.0 = AppStore|iPhone
		{9B0798FC-66B1-407F-BAA8-7EAC84755E08}.AppStore|iPhoneSimulator.ActiveCfg = AppStore|iPhoneSimulator
		{9B0798FC-66B1-407F-BAA8-7EAC84755E08}.AppStore|iPhoneSimulator.Build.0 = AppStore|iPhoneSimulator
		{9B0798FC-66B1-407F-BAA8-7EAC84755E08}.AppStore|x64.ActiveCfg = AppStore|iPhoneSimulator
		{9B0798FC-66B1-407F-BAA8-7EAC84755E08}.AppStore|x86.ActiveCfg = AppStore|iPhoneSimulator
		{9B0798FC-66B1-407F-BAA8-7EAC84755E08}.Debug|Any CPU.ActiveCfg = Debug|iPhone
		{9B0798FC-66B1-407F-BAA8-7EAC84755E08}.Debug|ARM.ActiveCfg = Debug|iPhoneSimulator
		{9B0798FC-66B1-407F-BAA8-7EAC84755E08}.Debug|iPhone.ActiveCfg = Debug|iPhone
		{9B0798FC-66B1-407F-BAA8-7EAC84755E08}.Debug|iPhone.Build.0 = Debug|iPhone
		{9B0798FC-66B1-407F-BAA8-7EAC84755E08}.Debug|iPhoneSimulator.ActiveCfg = Debug|iPhoneSimulator
		{9B0798FC-66B1-407F-BAA8-7EAC84755E08}.Debug|iPhoneSimulator.Build.0 = Debug|iPhoneSimulator
		{9B0798FC-66B1-407F-BAA8-7EAC84755E08}.Debug|x64.ActiveCfg = Debug|iPhoneSimulator
		{9B0798FC-66B1-407F-BAA8-7EAC84755E08}.Debug|x86.ActiveCfg = Debug|iPhoneSimulator
		{9B0798FC-66B1-407F-BAA8-7EAC84755E08}.Release|Any CPU.ActiveCfg = Release|iPhone
		{9B0798FC-66B1-407F-BAA8-7EAC84755E08}.Release|ARM.ActiveCfg = Release|iPhoneSimulator
		{9B0798FC-66B1-407F-BAA8-7EAC84755E08}.Release|iPhone.ActiveCfg = Release|iPhone
		{9B0798FC-66B1-407F-BAA8-7EAC84755E08}.Release|iPhone.Build.0 = Release|iPhone
		{9B0798FC-66B1-407F-BAA8-7EAC84755E08}.Release|iPhoneSimulator.ActiveCfg = Release|iPhoneSimulator
		{9B0798FC-66B1-407F-BAA8-7EAC84755E08}.Release|iPhoneSimulator.Build.0 = Release|iPhoneSimulator
		{9B0798FC-66B1-407F-BAA8-7EAC84755E08}.Release|x64.ActiveCfg = Release|iPhoneSimulator
		{9B0798FC-66B1-407F-BAA8-7EAC84755E08}.Release|x86.ActiveCfg = Release|iPhoneSimulator
		{7DEF83A8-126D-4F31-B42E-8A388681E866}.Ad-Hoc|Any CPU.ActiveCfg = Release|Any CPU
		{7DEF83A8-126D-4F31-B42E-8A388681E866}.Ad-Hoc|Any CPU.Build.0 = Release|Any CPU
		{7DEF83A8-126D-4F31-B42E-8A388681E866}.Ad-Hoc|ARM.ActiveCfg = Debug|Any CPU
		{7DEF83A8-126D-4F31-B42E-8A388681E866}.Ad-Hoc|iPhone.ActiveCfg = Release|Any CPU
		{7DEF83A8-126D-4F31-B42E-8A388681E866}.Ad-Hoc|iPhone.Build.0 = Release|Any CPU
		{7DEF83A8-126D-4F31-B42E-8A388681E866}.Ad-Hoc|iPhoneSimulator.ActiveCfg = Release|Any CPU
		{7DEF83A8-126D-4F31-B42E-8A388681E866}.Ad-Hoc|iPhoneSimulator.Build.0 = Release|Any CPU
		{7DEF83A8-126D-4F31-B42E-8A388681E866}.Ad-Hoc|x64.ActiveCfg = Debug|Any CPU
		{7DEF83A8-126D-4F31-B42E-8A388681E866}.Ad-Hoc|x64.Build.0 = Debug|Any CPU
		{7DEF83A8-126D-4F31-B42E-8A388681E866}.Ad-Hoc|x86.ActiveCfg = Debug|Any CPU
		{7DEF83A8-126D-4F31-B42E-8A388681E866}.AppStore|Any CPU.ActiveCfg = Release|Any CPU
		{7DEF83A8-126D-4F31-B42E-8A388681E866}.AppStore|Any CPU.Build.0 = Release|Any CPU
		{7DEF83A8-126D-4F31-B42E-8A388681E866}.AppStore|ARM.ActiveCfg = Debug|Any CPU
		{7DEF83A8-126D-4F31-B42E-8A388681E866}.AppStore|iPhone.ActiveCfg = Release|Any CPU
		{7DEF83A8-126D-4F31-B42E-8A388681E866}.AppStore|iPhone.Build.0 = Release|Any CPU
		{7DEF83A8-126D-4F31-B42E-8A388681E866}.AppStore|iPhoneSimulator.ActiveCfg = Release|Any CPU
		{7DEF83A8-126D-4F31-B42E-8A388681E866}.AppStore|iPhoneSimulator.Build.0 = Release|Any CPU
		{7DEF83A8-126D-4F31-B42E-8A388681E866}.AppStore|x64.ActiveCfg = Debug|Any CPU
		{7DEF83A8-126D-4F31-B42E-8A388681E866}.AppStore|x64.Build.0 = Debug|Any CPU
		{7DEF83A8-126D-4F31-B42E-8A388681E866}.AppStore|x86.ActiveCfg = Debug|Any CPU
		{7DEF83A8-126D-4F31-B42E-8A388681E866}.Debug|Any CPU.ActiveCfg = Debug|Any CPU
		{7DEF83A8-126D-4F31-B42E-8A388681E866}.Debug|Any CPU.Build.0 = Debug|Any CPU
		{7DEF83A8-126D-4F31-B42E-8A388681E866}.Debug|ARM.ActiveCfg = Debug|Any CPU
		{7DEF83A8-126D-4F31-B42E-8A388681E866}.Debug|iPhone.ActiveCfg = Debug|Any CPU
		{7DEF83A8-126D-4F31-B42E-8A388681E866}.Debug|iPhone.Build.0 = Debug|Any CPU
		{7DEF83A8-126D-4F31-B42E-8A388681E866}.Debug|iPhoneSimulator.ActiveCfg = Debug|Any CPU
		{7DEF83A8-126D-4F31-B42E-8A388681E866}.Debug|iPhoneSimulator.Build.0 = Debug|Any CPU
		{7DEF83A8-126D-4F31-B42E-8A388681E866}.Debug|x64.ActiveCfg = Debug|Any CPU
		{7DEF83A8-126D-4F31-B42E-8A388681E866}.Debug|x64.Build.0 = Debug|Any CPU
		{7DEF83A8-126D-4F31-B42E-8A388681E866}.Debug|x86.ActiveCfg = Debug|Any CPU
		{7DEF83A8-126D-4F31-B42E-8A388681E866}.Release|Any CPU.ActiveCfg = Release|Any CPU
		{7DEF83A8-126D-4F31-B42E-8A388681E866}.Release|Any CPU.Build.0 = Release|Any CPU
		{7DEF83A8-126D-4F31-B42E-8A388681E866}.Release|ARM.ActiveCfg = Release|Any CPU
		{7DEF83A8-126D-4F31-B42E-8A388681E866}.Release|iPhone.ActiveCfg = Release|Any CPU
		{7DEF83A8-126D-4F31-B42E-8A388681E866}.Release|iPhone.Build.0 = Release|Any CPU
		{7DEF83A8-126D-4F31-B42E-8A388681E866}.Release|iPhoneSimulator.ActiveCfg = Release|Any CPU
		{7DEF83A8-126D-4F31-B42E-8A388681E866}.Release|iPhoneSimulator.Build.0 = Release|Any CPU
		{7DEF83A8-126D-4F31-B42E-8A388681E866}.Release|x64.ActiveCfg = Release|Any CPU
		{7DEF83A8-126D-4F31-B42E-8A388681E866}.Release|x64.Build.0 = Release|Any CPU
		{7DEF83A8-126D-4F31-B42E-8A388681E866}.Release|x86.ActiveCfg = Release|Any CPU
		{7BC39A04-0F88-45FC-ADB6-5BFBE02AF523}.Ad-Hoc|Any CPU.ActiveCfg = Release|Any CPU
		{7BC39A04-0F88-45FC-ADB6-5BFBE02AF523}.Ad-Hoc|Any CPU.Build.0 = Release|Any CPU
		{7BC39A04-0F88-45FC-ADB6-5BFBE02AF523}.Ad-Hoc|ARM.ActiveCfg = Debug|Any CPU
		{7BC39A04-0F88-45FC-ADB6-5BFBE02AF523}.Ad-Hoc|iPhone.ActiveCfg = Release|Any CPU
		{7BC39A04-0F88-45FC-ADB6-5BFBE02AF523}.Ad-Hoc|iPhone.Build.0 = Release|Any CPU
		{7BC39A04-0F88-45FC-ADB6-5BFBE02AF523}.Ad-Hoc|iPhoneSimulator.ActiveCfg = Release|Any CPU
		{7BC39A04-0F88-45FC-ADB6-5BFBE02AF523}.Ad-Hoc|iPhoneSimulator.Build.0 = Release|Any CPU
		{7BC39A04-0F88-45FC-ADB6-5BFBE02AF523}.Ad-Hoc|x64.ActiveCfg = Debug|Any CPU
		{7BC39A04-0F88-45FC-ADB6-5BFBE02AF523}.Ad-Hoc|x64.Build.0 = Debug|Any CPU
		{7BC39A04-0F88-45FC-ADB6-5BFBE02AF523}.Ad-Hoc|x86.ActiveCfg = Debug|Any CPU
		{7BC39A04-0F88-45FC-ADB6-5BFBE02AF523}.AppStore|Any CPU.ActiveCfg = Release|Any CPU
		{7BC39A04-0F88-45FC-ADB6-5BFBE02AF523}.AppStore|Any CPU.Build.0 = Release|Any CPU
		{7BC39A04-0F88-45FC-ADB6-5BFBE02AF523}.AppStore|ARM.ActiveCfg = Debug|Any CPU
		{7BC39A04-0F88-45FC-ADB6-5BFBE02AF523}.AppStore|iPhone.ActiveCfg = Release|Any CPU
		{7BC39A04-0F88-45FC-ADB6-5BFBE02AF523}.AppStore|iPhone.Build.0 = Release|Any CPU
		{7BC39A04-0F88-45FC-ADB6-5BFBE02AF523}.AppStore|iPhoneSimulator.ActiveCfg = Release|Any CPU
		{7BC39A04-0F88-45FC-ADB6-5BFBE02AF523}.AppStore|iPhoneSimulator.Build.0 = Release|Any CPU
		{7BC39A04-0F88-45FC-ADB6-5BFBE02AF523}.AppStore|x64.ActiveCfg = Debug|Any CPU
		{7BC39A04-0F88-45FC-ADB6-5BFBE02AF523}.AppStore|x64.Build.0 = Debug|Any CPU
		{7BC39A04-0F88-45FC-ADB6-5BFBE02AF523}.AppStore|x86.ActiveCfg = Debug|Any CPU
		{7BC39A04-0F88-45FC-ADB6-5BFBE02AF523}.Debug|Any CPU.ActiveCfg = Debug|Any CPU
		{7BC39A04-0F88-45FC-ADB6-5BFBE02AF523}.Debug|Any CPU.Build.0 = Debug|Any CPU
		{7BC39A04-0F88-45FC-ADB6-5BFBE02AF523}.Debug|ARM.ActiveCfg = Debug|Any CPU
		{7BC39A04-0F88-45FC-ADB6-5BFBE02AF523}.Debug|iPhone.ActiveCfg = Debug|Any CPU
		{7BC39A04-0F88-45FC-ADB6-5BFBE02AF523}.Debug|iPhone.Build.0 = Debug|Any CPU
		{7BC39A04-0F88-45FC-ADB6-5BFBE02AF523}.Debug|iPhoneSimulator.ActiveCfg = Debug|Any CPU
		{7BC39A04-0F88-45FC-ADB6-5BFBE02AF523}.Debug|iPhoneSimulator.Build.0 = Debug|Any CPU
		{7BC39A04-0F88-45FC-ADB6-5BFBE02AF523}.Debug|x64.ActiveCfg = Debug|Any CPU
		{7BC39A04-0F88-45FC-ADB6-5BFBE02AF523}.Debug|x64.Build.0 = Debug|Any CPU
		{7BC39A04-0F88-45FC-ADB6-5BFBE02AF523}.Debug|x86.ActiveCfg = Debug|Any CPU
		{7BC39A04-0F88-45FC-ADB6-5BFBE02AF523}.Release|Any CPU.ActiveCfg = Release|Any CPU
		{7BC39A04-0F88-45FC-ADB6-5BFBE02AF523}.Release|Any CPU.Build.0 = Release|Any CPU
		{7BC39A04-0F88-45FC-ADB6-5BFBE02AF523}.Release|ARM.ActiveCfg = Release|Any CPU
		{7BC39A04-0F88-45FC-ADB6-5BFBE02AF523}.Release|iPhone.ActiveCfg = Release|Any CPU
		{7BC39A04-0F88-45FC-ADB6-5BFBE02AF523}.Release|iPhone.Build.0 = Release|Any CPU
		{7BC39A04-0F88-45FC-ADB6-5BFBE02AF523}.Release|iPhoneSimulator.ActiveCfg = Release|Any CPU
		{7BC39A04-0F88-45FC-ADB6-5BFBE02AF523}.Release|iPhoneSimulator.Build.0 = Release|Any CPU
		{7BC39A04-0F88-45FC-ADB6-5BFBE02AF523}.Release|x64.ActiveCfg = Release|Any CPU
		{7BC39A04-0F88-45FC-ADB6-5BFBE02AF523}.Release|x64.Build.0 = Release|Any CPU
		{7BC39A04-0F88-45FC-ADB6-5BFBE02AF523}.Release|x86.ActiveCfg = Release|Any CPU
		{868732C3-F2BF-44E4-8B16-B2654CFF7792}.Ad-Hoc|Any CPU.ActiveCfg = Release|Any CPU
		{868732C3-F2BF-44E4-8B16-B2654CFF7792}.Ad-Hoc|Any CPU.Build.0 = Release|Any CPU
		{868732C3-F2BF-44E4-8B16-B2654CFF7792}.Ad-Hoc|ARM.ActiveCfg = Release|Any CPU
		{868732C3-F2BF-44E4-8B16-B2654CFF7792}.Ad-Hoc|ARM.Build.0 = Release|Any CPU
		{868732C3-F2BF-44E4-8B16-B2654CFF7792}.Ad-Hoc|iPhone.ActiveCfg = Release|Any CPU
		{868732C3-F2BF-44E4-8B16-B2654CFF7792}.Ad-Hoc|iPhone.Build.0 = Release|Any CPU
		{868732C3-F2BF-44E4-8B16-B2654CFF7792}.Ad-Hoc|iPhoneSimulator.ActiveCfg = Release|Any CPU
		{868732C3-F2BF-44E4-8B16-B2654CFF7792}.Ad-Hoc|iPhoneSimulator.Build.0 = Release|Any CPU
		{868732C3-F2BF-44E4-8B16-B2654CFF7792}.Ad-Hoc|x64.ActiveCfg = Release|Any CPU
		{868732C3-F2BF-44E4-8B16-B2654CFF7792}.Ad-Hoc|x64.Build.0 = Release|Any CPU
		{868732C3-F2BF-44E4-8B16-B2654CFF7792}.Ad-Hoc|x86.ActiveCfg = Release|Any CPU
		{868732C3-F2BF-44E4-8B16-B2654CFF7792}.Ad-Hoc|x86.Build.0 = Release|Any CPU
		{868732C3-F2BF-44E4-8B16-B2654CFF7792}.AppStore|Any CPU.ActiveCfg = Release|Any CPU
		{868732C3-F2BF-44E4-8B16-B2654CFF7792}.AppStore|Any CPU.Build.0 = Release|Any CPU
		{868732C3-F2BF-44E4-8B16-B2654CFF7792}.AppStore|ARM.ActiveCfg = Release|Any CPU
		{868732C3-F2BF-44E4-8B16-B2654CFF7792}.AppStore|ARM.Build.0 = Release|Any CPU
		{868732C3-F2BF-44E4-8B16-B2654CFF7792}.AppStore|iPhone.ActiveCfg = Release|Any CPU
		{868732C3-F2BF-44E4-8B16-B2654CFF7792}.AppStore|iPhone.Build.0 = Release|Any CPU
		{868732C3-F2BF-44E4-8B16-B2654CFF7792}.AppStore|iPhoneSimulator.ActiveCfg = Release|Any CPU
		{868732C3-F2BF-44E4-8B16-B2654CFF7792}.AppStore|iPhoneSimulator.Build.0 = Release|Any CPU
		{868732C3-F2BF-44E4-8B16-B2654CFF7792}.AppStore|x64.ActiveCfg = Release|Any CPU
		{868732C3-F2BF-44E4-8B16-B2654CFF7792}.AppStore|x64.Build.0 = Release|Any CPU
		{868732C3-F2BF-44E4-8B16-B2654CFF7792}.AppStore|x86.ActiveCfg = Release|Any CPU
		{868732C3-F2BF-44E4-8B16-B2654CFF7792}.AppStore|x86.Build.0 = Release|Any CPU
		{868732C3-F2BF-44E4-8B16-B2654CFF7792}.Debug|Any CPU.ActiveCfg = Debug|Any CPU
		{868732C3-F2BF-44E4-8B16-B2654CFF7792}.Debug|Any CPU.Build.0 = Debug|Any CPU
		{868732C3-F2BF-44E4-8B16-B2654CFF7792}.Debug|ARM.ActiveCfg = Debug|Any CPU
		{868732C3-F2BF-44E4-8B16-B2654CFF7792}.Debug|ARM.Build.0 = Debug|Any CPU
		{868732C3-F2BF-44E4-8B16-B2654CFF7792}.Debug|iPhone.ActiveCfg = Debug|Any CPU
		{868732C3-F2BF-44E4-8B16-B2654CFF7792}.Debug|iPhone.Build.0 = Debug|Any CPU
		{868732C3-F2BF-44E4-8B16-B2654CFF7792}.Debug|iPhoneSimulator.ActiveCfg = Debug|Any CPU
		{868732C3-F2BF-44E4-8B16-B2654CFF7792}.Debug|iPhoneSimulator.Build.0 = Debug|Any CPU
		{868732C3-F2BF-44E4-8B16-B2654CFF7792}.Debug|x64.ActiveCfg = Debug|Any CPU
		{868732C3-F2BF-44E4-8B16-B2654CFF7792}.Debug|x64.Build.0 = Debug|Any CPU
		{868732C3-F2BF-44E4-8B16-B2654CFF7792}.Debug|x86.ActiveCfg = Debug|Any CPU
		{868732C3-F2BF-44E4-8B16-B2654CFF7792}.Debug|x86.Build.0 = Debug|Any CPU
		{868732C3-F2BF-44E4-8B16-B2654CFF7792}.Release|Any CPU.ActiveCfg = Release|Any CPU
		{868732C3-F2BF-44E4-8B16-B2654CFF7792}.Release|Any CPU.Build.0 = Release|Any CPU
		{868732C3-F2BF-44E4-8B16-B2654CFF7792}.Release|ARM.ActiveCfg = Release|Any CPU
		{868732C3-F2BF-44E4-8B16-B2654CFF7792}.Release|ARM.Build.0 = Release|Any CPU
		{868732C3-F2BF-44E4-8B16-B2654CFF7792}.Release|iPhone.ActiveCfg = Release|Any CPU
		{868732C3-F2BF-44E4-8B16-B2654CFF7792}.Release|iPhone.Build.0 = Release|Any CPU
		{868732C3-F2BF-44E4-8B16-B2654CFF7792}.Release|iPhoneSimulator.ActiveCfg = Release|Any CPU
		{868732C3-F2BF-44E4-8B16-B2654CFF7792}.Release|iPhoneSimulator.Build.0 = Release|Any CPU
		{868732C3-F2BF-44E4-8B16-B2654CFF7792}.Release|x64.ActiveCfg = Release|Any CPU
		{868732C3-F2BF-44E4-8B16-B2654CFF7792}.Release|x64.Build.0 = Release|Any CPU
		{868732C3-F2BF-44E4-8B16-B2654CFF7792}.Release|x86.ActiveCfg = Release|Any CPU
		{868732C3-F2BF-44E4-8B16-B2654CFF7792}.Release|x86.Build.0 = Release|Any CPU
		{AA510EA8-884D-4D0D-A9EC-D034651E133C}.Ad-Hoc|Any CPU.ActiveCfg = Release|Any CPU
		{AA510EA8-884D-4D0D-A9EC-D034651E133C}.Ad-Hoc|Any CPU.Build.0 = Release|Any CPU
		{AA510EA8-884D-4D0D-A9EC-D034651E133C}.Ad-Hoc|ARM.ActiveCfg = Release|Any CPU
		{AA510EA8-884D-4D0D-A9EC-D034651E133C}.Ad-Hoc|ARM.Build.0 = Release|Any CPU
		{AA510EA8-884D-4D0D-A9EC-D034651E133C}.Ad-Hoc|iPhone.ActiveCfg = Release|Any CPU
		{AA510EA8-884D-4D0D-A9EC-D034651E133C}.Ad-Hoc|iPhone.Build.0 = Release|Any CPU
		{AA510EA8-884D-4D0D-A9EC-D034651E133C}.Ad-Hoc|iPhoneSimulator.ActiveCfg = Release|Any CPU
		{AA510EA8-884D-4D0D-A9EC-D034651E133C}.Ad-Hoc|iPhoneSimulator.Build.0 = Release|Any CPU
		{AA510EA8-884D-4D0D-A9EC-D034651E133C}.Ad-Hoc|x64.ActiveCfg = Release|Any CPU
		{AA510EA8-884D-4D0D-A9EC-D034651E133C}.Ad-Hoc|x64.Build.0 = Release|Any CPU
		{AA510EA8-884D-4D0D-A9EC-D034651E133C}.Ad-Hoc|x86.ActiveCfg = Release|Any CPU
		{AA510EA8-884D-4D0D-A9EC-D034651E133C}.Ad-Hoc|x86.Build.0 = Release|Any CPU
		{AA510EA8-884D-4D0D-A9EC-D034651E133C}.AppStore|Any CPU.ActiveCfg = Release|Any CPU
		{AA510EA8-884D-4D0D-A9EC-D034651E133C}.AppStore|Any CPU.Build.0 = Release|Any CPU
		{AA510EA8-884D-4D0D-A9EC-D034651E133C}.AppStore|ARM.ActiveCfg = Release|Any CPU
		{AA510EA8-884D-4D0D-A9EC-D034651E133C}.AppStore|ARM.Build.0 = Release|Any CPU
		{AA510EA8-884D-4D0D-A9EC-D034651E133C}.AppStore|iPhone.ActiveCfg = Release|Any CPU
		{AA510EA8-884D-4D0D-A9EC-D034651E133C}.AppStore|iPhone.Build.0 = Release|Any CPU
		{AA510EA8-884D-4D0D-A9EC-D034651E133C}.AppStore|iPhoneSimulator.ActiveCfg = Release|Any CPU
		{AA510EA8-884D-4D0D-A9EC-D034651E133C}.AppStore|iPhoneSimulator.Build.0 = Release|Any CPU
		{AA510EA8-884D-4D0D-A9EC-D034651E133C}.AppStore|x64.ActiveCfg = Release|Any CPU
		{AA510EA8-884D-4D0D-A9EC-D034651E133C}.AppStore|x64.Build.0 = Release|Any CPU
		{AA510EA8-884D-4D0D-A9EC-D034651E133C}.AppStore|x86.ActiveCfg = Release|Any CPU
		{AA510EA8-884D-4D0D-A9EC-D034651E133C}.AppStore|x86.Build.0 = Release|Any CPU
		{AA510EA8-884D-4D0D-A9EC-D034651E133C}.Debug|Any CPU.ActiveCfg = Debug|Any CPU
		{AA510EA8-884D-4D0D-A9EC-D034651E133C}.Debug|Any CPU.Build.0 = Debug|Any CPU
		{AA510EA8-884D-4D0D-A9EC-D034651E133C}.Debug|ARM.ActiveCfg = Debug|Any CPU
		{AA510EA8-884D-4D0D-A9EC-D034651E133C}.Debug|ARM.Build.0 = Debug|Any CPU
		{AA510EA8-884D-4D0D-A9EC-D034651E133C}.Debug|iPhone.ActiveCfg = Debug|Any CPU
		{AA510EA8-884D-4D0D-A9EC-D034651E133C}.Debug|iPhone.Build.0 = Debug|Any CPU
		{AA510EA8-884D-4D0D-A9EC-D034651E133C}.Debug|iPhoneSimulator.ActiveCfg = Debug|Any CPU
		{AA510EA8-884D-4D0D-A9EC-D034651E133C}.Debug|iPhoneSimulator.Build.0 = Debug|Any CPU
		{AA510EA8-884D-4D0D-A9EC-D034651E133C}.Debug|x64.ActiveCfg = Debug|Any CPU
		{AA510EA8-884D-4D0D-A9EC-D034651E133C}.Debug|x64.Build.0 = Debug|Any CPU
		{AA510EA8-884D-4D0D-A9EC-D034651E133C}.Debug|x86.ActiveCfg = Debug|Any CPU
		{AA510EA8-884D-4D0D-A9EC-D034651E133C}.Debug|x86.Build.0 = Debug|Any CPU
		{AA510EA8-884D-4D0D-A9EC-D034651E133C}.Release|Any CPU.ActiveCfg = Release|Any CPU
		{AA510EA8-884D-4D0D-A9EC-D034651E133C}.Release|Any CPU.Build.0 = Release|Any CPU
		{AA510EA8-884D-4D0D-A9EC-D034651E133C}.Release|ARM.ActiveCfg = Release|Any CPU
		{AA510EA8-884D-4D0D-A9EC-D034651E133C}.Release|ARM.Build.0 = Release|Any CPU
		{AA510EA8-884D-4D0D-A9EC-D034651E133C}.Release|iPhone.ActiveCfg = Release|Any CPU
		{AA510EA8-884D-4D0D-A9EC-D034651E133C}.Release|iPhone.Build.0 = Release|Any CPU
		{AA510EA8-884D-4D0D-A9EC-D034651E133C}.Release|iPhoneSimulator.ActiveCfg = Release|Any CPU
		{AA510EA8-884D-4D0D-A9EC-D034651E133C}.Release|iPhoneSimulator.Build.0 = Release|Any CPU
		{AA510EA8-884D-4D0D-A9EC-D034651E133C}.Release|x64.ActiveCfg = Release|Any CPU
		{AA510EA8-884D-4D0D-A9EC-D034651E133C}.Release|x64.Build.0 = Release|Any CPU
		{AA510EA8-884D-4D0D-A9EC-D034651E133C}.Release|x86.ActiveCfg = Release|Any CPU
		{AA510EA8-884D-4D0D-A9EC-D034651E133C}.Release|x86.Build.0 = Release|Any CPU
		{F5F8D409-71B2-4E01-9313-19CBDF3D07FB}.Ad-Hoc|Any CPU.ActiveCfg = Release|Any CPU
		{F5F8D409-71B2-4E01-9313-19CBDF3D07FB}.Ad-Hoc|Any CPU.Build.0 = Release|Any CPU
		{F5F8D409-71B2-4E01-9313-19CBDF3D07FB}.Ad-Hoc|ARM.ActiveCfg = Release|Any CPU
		{F5F8D409-71B2-4E01-9313-19CBDF3D07FB}.Ad-Hoc|ARM.Build.0 = Release|Any CPU
		{F5F8D409-71B2-4E01-9313-19CBDF3D07FB}.Ad-Hoc|iPhone.ActiveCfg = Release|Any CPU
		{F5F8D409-71B2-4E01-9313-19CBDF3D07FB}.Ad-Hoc|iPhone.Build.0 = Release|Any CPU
		{F5F8D409-71B2-4E01-9313-19CBDF3D07FB}.Ad-Hoc|iPhoneSimulator.ActiveCfg = Release|Any CPU
		{F5F8D409-71B2-4E01-9313-19CBDF3D07FB}.Ad-Hoc|iPhoneSimulator.Build.0 = Release|Any CPU
		{F5F8D409-71B2-4E01-9313-19CBDF3D07FB}.Ad-Hoc|x64.ActiveCfg = Release|Any CPU
		{F5F8D409-71B2-4E01-9313-19CBDF3D07FB}.Ad-Hoc|x64.Build.0 = Release|Any CPU
		{F5F8D409-71B2-4E01-9313-19CBDF3D07FB}.Ad-Hoc|x86.ActiveCfg = Release|Any CPU
		{F5F8D409-71B2-4E01-9313-19CBDF3D07FB}.Ad-Hoc|x86.Build.0 = Release|Any CPU
		{F5F8D409-71B2-4E01-9313-19CBDF3D07FB}.AppStore|Any CPU.ActiveCfg = Release|Any CPU
		{F5F8D409-71B2-4E01-9313-19CBDF3D07FB}.AppStore|Any CPU.Build.0 = Release|Any CPU
		{F5F8D409-71B2-4E01-9313-19CBDF3D07FB}.AppStore|ARM.ActiveCfg = Release|Any CPU
		{F5F8D409-71B2-4E01-9313-19CBDF3D07FB}.AppStore|ARM.Build.0 = Release|Any CPU
		{F5F8D409-71B2-4E01-9313-19CBDF3D07FB}.AppStore|iPhone.ActiveCfg = Release|Any CPU
		{F5F8D409-71B2-4E01-9313-19CBDF3D07FB}.AppStore|iPhone.Build.0 = Release|Any CPU
		{F5F8D409-71B2-4E01-9313-19CBDF3D07FB}.AppStore|iPhoneSimulator.ActiveCfg = Release|Any CPU
		{F5F8D409-71B2-4E01-9313-19CBDF3D07FB}.AppStore|iPhoneSimulator.Build.0 = Release|Any CPU
		{F5F8D409-71B2-4E01-9313-19CBDF3D07FB}.AppStore|x64.ActiveCfg = Release|Any CPU
		{F5F8D409-71B2-4E01-9313-19CBDF3D07FB}.AppStore|x64.Build.0 = Release|Any CPU
		{F5F8D409-71B2-4E01-9313-19CBDF3D07FB}.AppStore|x86.ActiveCfg = Release|Any CPU
		{F5F8D409-71B2-4E01-9313-19CBDF3D07FB}.AppStore|x86.Build.0 = Release|Any CPU
		{F5F8D409-71B2-4E01-9313-19CBDF3D07FB}.Debug|Any CPU.ActiveCfg = Debug|Any CPU
		{F5F8D409-71B2-4E01-9313-19CBDF3D07FB}.Debug|Any CPU.Build.0 = Debug|Any CPU
		{F5F8D409-71B2-4E01-9313-19CBDF3D07FB}.Debug|ARM.ActiveCfg = Debug|Any CPU
		{F5F8D409-71B2-4E01-9313-19CBDF3D07FB}.Debug|ARM.Build.0 = Debug|Any CPU
		{F5F8D409-71B2-4E01-9313-19CBDF3D07FB}.Debug|iPhone.ActiveCfg = Debug|Any CPU
		{F5F8D409-71B2-4E01-9313-19CBDF3D07FB}.Debug|iPhone.Build.0 = Debug|Any CPU
		{F5F8D409-71B2-4E01-9313-19CBDF3D07FB}.Debug|iPhoneSimulator.ActiveCfg = Debug|Any CPU
		{F5F8D409-71B2-4E01-9313-19CBDF3D07FB}.Debug|iPhoneSimulator.Build.0 = Debug|Any CPU
		{F5F8D409-71B2-4E01-9313-19CBDF3D07FB}.Debug|x64.ActiveCfg = Debug|Any CPU
		{F5F8D409-71B2-4E01-9313-19CBDF3D07FB}.Debug|x64.Build.0 = Debug|Any CPU
		{F5F8D409-71B2-4E01-9313-19CBDF3D07FB}.Debug|x86.ActiveCfg = Debug|Any CPU
		{F5F8D409-71B2-4E01-9313-19CBDF3D07FB}.Debug|x86.Build.0 = Debug|Any CPU
		{F5F8D409-71B2-4E01-9313-19CBDF3D07FB}.Release|Any CPU.ActiveCfg = Release|Any CPU
		{F5F8D409-71B2-4E01-9313-19CBDF3D07FB}.Release|Any CPU.Build.0 = Release|Any CPU
		{F5F8D409-71B2-4E01-9313-19CBDF3D07FB}.Release|ARM.ActiveCfg = Release|Any CPU
		{F5F8D409-71B2-4E01-9313-19CBDF3D07FB}.Release|ARM.Build.0 = Release|Any CPU
		{F5F8D409-71B2-4E01-9313-19CBDF3D07FB}.Release|iPhone.ActiveCfg = Release|Any CPU
		{F5F8D409-71B2-4E01-9313-19CBDF3D07FB}.Release|iPhone.Build.0 = Release|Any CPU
		{F5F8D409-71B2-4E01-9313-19CBDF3D07FB}.Release|iPhoneSimulator.ActiveCfg = Release|Any CPU
		{F5F8D409-71B2-4E01-9313-19CBDF3D07FB}.Release|iPhoneSimulator.Build.0 = Release|Any CPU
		{F5F8D409-71B2-4E01-9313-19CBDF3D07FB}.Release|x64.ActiveCfg = Release|Any CPU
		{F5F8D409-71B2-4E01-9313-19CBDF3D07FB}.Release|x64.Build.0 = Release|Any CPU
		{F5F8D409-71B2-4E01-9313-19CBDF3D07FB}.Release|x86.ActiveCfg = Release|Any CPU
		{F5F8D409-71B2-4E01-9313-19CBDF3D07FB}.Release|x86.Build.0 = Release|Any CPU
	EndGlobalSection
	GlobalSection(SolutionProperties) = preSolution
		HideSolutionNode = FALSE
	EndGlobalSection
	GlobalSection(ExtensibilityGlobals) = postSolution
		SolutionGuid = {00F9A82F-B6C5-4792-914F-7DE9D932CAD4}
	EndGlobalSection
EndGlobal
