
Microsoft Visual Studio Solution File, Format Version 12.00
# Visual Studio 15
VisualStudioVersion = 15.0.27428.2005
MinimumVisualStudioVersion = 10.0.40219.1
Project("{9A19103F-16F7-4668-BE54-9A1E7A4F7556}") = "_4H_RESTful", "_4H_RESTful\_4H_RESTful.csproj", "{D374B0A1-035B-4837-9052-ED25A3705F26}"
EndProject
Project("{FAE04EC0-301F-11D3-BF4B-00C04F79EFBC}") = "_4H_AdminSite", "_4H_AdminSite\_4H_AdminSite.csproj", "{A4F53F65-3C22-4679-A961-00D71A2B8A09}"
EndProject
Global
	GlobalSection(SolutionConfigurationPlatforms) = preSolution
		Debug|Any CPU = Debug|Any CPU
		Release|Any CPU = Release|Any CPU
	EndGlobalSection
	GlobalSection(ProjectConfigurationPlatforms) = postSolution
		{D374B0A1-035B-4837-9052-ED25A3705F26}.Debug|Any CPU.ActiveCfg = Debug|Any CPU
		{D374B0A1-035B-4837-9052-ED25A3705F26}.Debug|Any CPU.Build.0 = Debug|Any CPU
		{D374B0A1-035B-4837-9052-ED25A3705F26}.Release|Any CPU.ActiveCfg = Release|Any CPU
		{D374B0A1-035B-4837-9052-ED25A3705F26}.Release|Any CPU.Build.0 = Release|Any CPU
		{A4F53F65-3C22-4679-A961-00D71A2B8A09}.Debug|Any CPU.ActiveCfg = Debug|Any CPU
		{A4F53F65-3C22-4679-A961-00D71A2B8A09}.Debug|Any CPU.Build.0 = Debug|Any CPU
		{A4F53F65-3C22-4679-A961-00D71A2B8A09}.Release|Any CPU.ActiveCfg = Release|Any CPU
		{A4F53F65-3C22-4679-A961-00D71A2B8A09}.Release|Any CPU.Build.0 = Release|Any CPU
	EndGlobalSection
	GlobalSection(SolutionProperties) = preSolution
		HideSolutionNode = FALSE
	EndGlobalSection
	GlobalSection(ExtensibilityGlobals) = postSolution
		SolutionGuid = {A734591A-607B-4DE5-9E1C-23ABC794E9FD}
	EndGlobalSection
EndGlobal
